
Microsoft Visual Studio Solution File, Format Version 12.00
# Visual Studio Version 17
VisualStudioVersion = 17.9.34607.119
MinimumVisualStudioVersion = 10.0.40219.1
Project("{8BC9CEB8-8B4A-11D0-8D11-00A0C91BC942}") = "DinoGame", "DinoGame\DinoGame.vcxproj", "{C6286E17-8500-48B3-970C-3C7C6C062995}"
EndProject
Global
	GlobalSection(SolutionConfigurationPlatforms) = preSolution
		Debug|x64 = Debug|x64
		Debug|x86 = Debug|x86
		Release|x64 = Release|x64
		Release|x86 = Release|x86
	EndGlobalSection
	GlobalSection(ProjectConfigurationPlatforms) = postSolution
		{C6286E17-8500-48B3-970C-3C7C6C062995}.Debug|x64.ActiveCfg = Debug|x64
		{C6286E17-8500-48B3-970C-3C7C6C062995}.Debug|x64.Build.0 = Debug|x64
		{C6286E17-8500-48B3-970C-3C7C6C062995}.Debug|x86.ActiveCfg = Debug|Win32
		{C6286E17-8500-48B3-970C-3C7C6C062995}.Debug|x86.Build.0 = Debug|Win32
		{C6286E17-8500-48B3-970C-3C7C6C062995}.Release|x64.ActiveCfg = Release|x64
		{C6286E17-8500-48B3-970C-3C7C6C062995}.Release|x64.Build.0 = Release|x64
		{C6286E17-8500-48B3-970C-3C7C6C062995}.Release|x86.ActiveCfg = Release|Win32
		{C6286E17-8500-48B3-970C-3C7C6C062995}.Release|x86.Build.0 = Release|Win32
	EndGlobalSection
	GlobalSection(SolutionProperties) = preSolution
		HideSolutionNode = FALSE
	EndGlobalSection
	GlobalSection(ExtensibilityGlobals) = postSolution
		SolutionGuid = {B26E8194-0B6B-46CA-BF90-860BF3E7E7E4}
	EndGlobalSection
EndGlobal
